<Solution>
  <Folder Name="/Solution Items/">
    <File Path="README.md" />
  </Folder>
  <Folder Name="/docs/">
    <File Path="docs/DEVELOPING.md" />
    <File Path="docs/yaml-conventions.md" />
  </Folder>
  <Folder Name="/.github/workflows/">
    <File Path=".github/workflows/publish-release.yml" />
  </Folder>
  <Project Path="D365 Architect/D365 Architect.csproj" />
</Solution>
